
Microsoft Visual Studio Solution File, Format Version 12.00
# Visual Studio Version 17
VisualStudioVersion = 17.5.002.0
MinimumVisualStudioVersion = 10.0.40219.1
Project("{2150E333-8FDC-42A3-9474-1A3956D46DE8}") = "CsharpProjects", "CsharpProjects", "{E4FB0412-DB31-4BCA-8750-A3061C0D86E3}"
EndProject
Project("{9A19103F-16F7-4668-BE54-9A1E7A4F7556}") = "TestProject", "CsharpProjects\TestProject\TestProject.csproj", "{FD83A0BA-C092-4038-B11F-0B5B4FE81591}"
EndProject
Global
	GlobalSection(SolutionConfigurationPlatforms) = preSolution
		Debug|Any CPU = Debug|Any CPU
		Release|Any CPU = Release|Any CPU
	EndGlobalSection
	GlobalSection(ProjectConfigurationPlatforms) = postSolution
		{FD83A0BA-C092-4038-B11F-0B5B4FE81591}.Debug|Any CPU.ActiveCfg = Debug|Any CPU
		{FD83A0BA-C092-4038-B11F-0B5B4FE81591}.Debug|Any CPU.Build.0 = Debug|Any CPU
		{FD83A0BA-C092-4038-B11F-0B5B4FE81591}.Release|Any CPU.ActiveCfg = Release|Any CPU
		{FD83A0BA-C092-4038-B11F-0B5B4FE81591}.Release|Any CPU.Build.0 = Release|Any CPU
	EndGlobalSection
	GlobalSection(SolutionProperties) = preSolution
		HideSolutionNode = FALSE
	EndGlobalSection
	GlobalSection(NestedProjects) = preSolution
		{FD83A0BA-C092-4038-B11F-0B5B4FE81591} = {E4FB0412-DB31-4BCA-8750-A3061C0D86E3}
	EndGlobalSection
	GlobalSection(ExtensibilityGlobals) = postSolution
		SolutionGuid = {92F55EC7-6381-4055-9EA4-77B69DB34C87}
	EndGlobalSection
EndGlobal
